
Microsoft Visual Studio Solution File, Format Version 12.00
# Visual Studio Version 16
VisualStudioVersion = 16.0.30320.27
MinimumVisualStudioVersion = 10.0.40219.1
Project("{FAE04EC0-301F-11D3-BF4B-00C04F79EFBC}") = "task", "task\task.csproj", "{480F73A8-EE3E-4E92-9D06-745100CA1519}"
EndProject
Global
	GlobalSection(SolutionConfigurationPlatforms) = preSolution
		Debug|Any CPU = Debug|Any CPU
		Release|Any CPU = Release|Any CPU
	EndGlobalSection
	GlobalSection(ProjectConfigurationPlatforms) = postSolution
		{480F73A8-EE3E-4E92-9D06-745100CA1519}.Debug|Any CPU.ActiveCfg = Debug|Any CPU
		{480F73A8-EE3E-4E92-9D06-745100CA1519}.Debug|Any CPU.Build.0 = Debug|Any CPU
		{480F73A8-EE3E-4E92-9D06-745100CA1519}.Release|Any CPU.ActiveCfg = Release|Any CPU
		{480F73A8-EE3E-4E92-9D06-745100CA1519}.Release|Any CPU.Build.0 = Release|Any CPU
	EndGlobalSection
	GlobalSection(SolutionProperties) = preSolution
		HideSolutionNode = FALSE
	EndGlobalSection
	GlobalSection(ExtensibilityGlobals) = postSolution
		SolutionGuid = {3F6FE8D7-C16E-4EFE-BFC6-D08CC3F80C5F}
	EndGlobalSection
EndGlobal
